
Microsoft Visual Studio Solution File, Format Version 10.00
# Visual Studio 2008
Project("{FAE04EC0-301F-11D3-BF4B-00C04F79EFBC}") = "ThreadMessaging", "ThreadMessaging\ThreadMessaging.csproj", "{9C413AA8-8B5F-49FB-8C33-6D5DB00812C4}"
EndProject
Project("{FAE04EC0-301F-11D3-BF4B-00C04F79EFBC}") = "Example", "Example\Example.csproj", "{58C77DEC-AD83-43BE-868C-710B4433B8F3}"
EndProject
Global
	GlobalSection(SolutionConfigurationPlatforms) = preSolution
		Debug|Any CPU = Debug|Any CPU
		Release|Any CPU = Release|Any CPU
	EndGlobalSection
	GlobalSection(ProjectConfigurationPlatforms) = postSolution
		{9C413AA8-8B5F-49FB-8C33-6D5DB00812C4}.Debug|Any CPU.ActiveCfg = Debug|Any CPU
		{9C413AA8-8B5F-49FB-8C33-6D5DB00812C4}.Debug|Any CPU.Build.0 = Debug|Any CPU
		{9C413AA8-8B5F-49FB-8C33-6D5DB00812C4}.Release|Any CPU.ActiveCfg = Release|Any CPU
		{9C413AA8-8B5F-49FB-8C33-6D5DB00812C4}.Release|Any CPU.Build.0 = Release|Any CPU
		{58C77DEC-AD83-43BE-868C-710B4433B8F3}.Debug|Any CPU.ActiveCfg = Debug|Any CPU
		{58C77DEC-AD83-43BE-868C-710B4433B8F3}.Debug|Any CPU.Build.0 = Debug|Any CPU
		{58C77DEC-AD83-43BE-868C-710B4433B8F3}.Release|Any CPU.ActiveCfg = Release|Any CPU
		{58C77DEC-AD83-43BE-868C-710B4433B8F3}.Release|Any CPU.Build.0 = Release|Any CPU
	EndGlobalSection
	GlobalSection(SolutionProperties) = preSolution
		HideSolutionNode = FALSE
	EndGlobalSection
EndGlobal
